
Microsoft Visual Studio Solution File, Format Version 12.00
# Visual Studio Version 17
VisualStudioVersion = 17.8.34309.116
MinimumVisualStudioVersion = 10.0.40219.1
Project("{FAE04EC0-301F-11D3-BF4B-00C04F79EFBC}") = "WindowScreenshot.Console", "WindowScreenshot.Console\WindowScreenshot.Console.csproj", "{87070C4E-3E3A-4B23-A167-664A1AF4C017}"
EndProject
Global
	GlobalSection(SolutionConfigurationPlatforms) = preSolution
		Debug|Any CPU = Debug|Any CPU
		Release|Any CPU = Release|Any CPU
	EndGlobalSection
	GlobalSection(ProjectConfigurationPlatforms) = postSolution
		{87070C4E-3E3A-4B23-A167-664A1AF4C017}.Debug|Any CPU.ActiveCfg = Debug|Any CPU
		{87070C4E-3E3A-4B23-A167-664A1AF4C017}.Debug|Any CPU.Build.0 = Debug|Any CPU
		{87070C4E-3E3A-4B23-A167-664A1AF4C017}.Release|Any CPU.ActiveCfg = Release|Any CPU
		{87070C4E-3E3A-4B23-A167-664A1AF4C017}.Release|Any CPU.Build.0 = Release|Any CPU
	EndGlobalSection
	GlobalSection(SolutionProperties) = preSolution
		HideSolutionNode = FALSE
	EndGlobalSection
	GlobalSection(ExtensibilityGlobals) = postSolution
		SolutionGuid = {6B6184A3-341B-4153-8DD0-EF2C9BF6CEF3}
	EndGlobalSection
EndGlobal
